
Microsoft Visual Studio Solution File, Format Version 12.00
# Visual Studio Version 16
VisualStudioVersion = 16.0.31911.196
MinimumVisualStudioVersion = 10.0.40219.1
Project("{FAE04EC0-301F-11D3-BF4B-00C04F79EFBC}") = "BaiThucHanhThietKeForm", "BaiThucHanhThietKeForm\BaiThucHanhThietKeForm.csproj", "{2D7A512C-7B6D-4616-8A1A-97A182F449EF}"
EndProject
Global
	GlobalSection(SolutionConfigurationPlatforms) = preSolution
		Debug|Any CPU = Debug|Any CPU
		Release|Any CPU = Release|Any CPU
	EndGlobalSection
	GlobalSection(ProjectConfigurationPlatforms) = postSolution
		{2D7A512C-7B6D-4616-8A1A-97A182F449EF}.Debug|Any CPU.ActiveCfg = Debug|Any CPU
		{2D7A512C-7B6D-4616-8A1A-97A182F449EF}.Debug|Any CPU.Build.0 = Debug|Any CPU
		{2D7A512C-7B6D-4616-8A1A-97A182F449EF}.Release|Any CPU.ActiveCfg = Release|Any CPU
		{2D7A512C-7B6D-4616-8A1A-97A182F449EF}.Release|Any CPU.Build.0 = Release|Any CPU
	EndGlobalSection
	GlobalSection(SolutionProperties) = preSolution
		HideSolutionNode = FALSE
	EndGlobalSection
	GlobalSection(ExtensibilityGlobals) = postSolution
		SolutionGuid = {E6459FCC-6CAB-4B97-8A74-9F84C13ABD90}
	EndGlobalSection
EndGlobal
